
Microsoft Visual Studio Solution File, Format Version 12.00
# Visual Studio Version 17
VisualStudioVersion = 17.0.31611.283
MinimumVisualStudioVersion = 10.0.40219.1
Project("{9A19103F-16F7-4668-BE54-9A1E7A4F7556}") = "Lab5.UI", "Lab5.UI\Lab5.UI.csproj", "{5286CA11-9855-49B2-A7A9-EB6D64BABADC}"
EndProject
Project("{FAE04EC0-301F-11D3-BF4B-00C04F79EFBC}") = "Lab5.Domain", "Lab5.Domain\Lab5.Domain.csproj", "{1B4FD076-35DB-4BBF-95B1-64846232BCDA}"
EndProject
Project("{FAE04EC0-301F-11D3-BF4B-00C04F79EFBC}") = "Lab5.Application", "Lab5.Application\Lab5.Application.csproj", "{A4BE607E-FC69-4856-8277-296699B255EE}"
EndProject
Project("{FAE04EC0-301F-11D3-BF4B-00C04F79EFBC}") = "Lab5.Persistense", "Lab5.Persistense\Lab5.Persistense.csproj", "{1C4DF826-FCBF-4906-96CA-29C69D612DD9}"
EndProject
Global
	GlobalSection(SolutionConfigurationPlatforms) = preSolution
		Debug|Any CPU = Debug|Any CPU
		Release|Any CPU = Release|Any CPU
	EndGlobalSection
	GlobalSection(ProjectConfigurationPlatforms) = postSolution
		{5286CA11-9855-49B2-A7A9-EB6D64BABADC}.Debug|Any CPU.ActiveCfg = Debug|Any CPU
		{5286CA11-9855-49B2-A7A9-EB6D64BABADC}.Debug|Any CPU.Build.0 = Debug|Any CPU
		{5286CA11-9855-49B2-A7A9-EB6D64BABADC}.Debug|Any CPU.Deploy.0 = Debug|Any CPU
		{5286CA11-9855-49B2-A7A9-EB6D64BABADC}.Release|Any CPU.ActiveCfg = Release|Any CPU
		{5286CA11-9855-49B2-A7A9-EB6D64BABADC}.Release|Any CPU.Build.0 = Release|Any CPU
		{5286CA11-9855-49B2-A7A9-EB6D64BABADC}.Release|Any CPU.Deploy.0 = Release|Any CPU
		{1B4FD076-35DB-4BBF-95B1-64846232BCDA}.Debug|Any CPU.ActiveCfg = Debug|Any CPU
		{1B4FD076-35DB-4BBF-95B1-64846232BCDA}.Debug|Any CPU.Build.0 = Debug|Any CPU
		{1B4FD076-35DB-4BBF-95B1-64846232BCDA}.Release|Any CPU.ActiveCfg = Release|Any CPU
		{1B4FD076-35DB-4BBF-95B1-64846232BCDA}.Release|Any CPU.Build.0 = Release|Any CPU
		{A4BE607E-FC69-4856-8277-296699B255EE}.Debug|Any CPU.ActiveCfg = Debug|Any CPU
		{A4BE607E-FC69-4856-8277-296699B255EE}.Debug|Any CPU.Build.0 = Debug|Any CPU
		{A4BE607E-FC69-4856-8277-296699B255EE}.Release|Any CPU.ActiveCfg = Release|Any CPU
		{A4BE607E-FC69-4856-8277-296699B255EE}.Release|Any CPU.Build.0 = Release|Any CPU
		{1C4DF826-FCBF-4906-96CA-29C69D612DD9}.Debug|Any CPU.ActiveCfg = Debug|Any CPU
		{1C4DF826-FCBF-4906-96CA-29C69D612DD9}.Debug|Any CPU.Build.0 = Debug|Any CPU
		{1C4DF826-FCBF-4906-96CA-29C69D612DD9}.Release|Any CPU.ActiveCfg = Release|Any CPU
		{1C4DF826-FCBF-4906-96CA-29C69D612DD9}.Release|Any CPU.Build.0 = Release|Any CPU
	EndGlobalSection
	GlobalSection(SolutionProperties) = preSolution
		HideSolutionNode = FALSE
	EndGlobalSection
	GlobalSection(ExtensibilityGlobals) = postSolution
		SolutionGuid = {61F7FB11-1E47-470C-91E2-47F8143E1572}
	EndGlobalSection
EndGlobal
