
Microsoft Visual Studio Solution File, Format Version 12.00
# Visual Studio Version 16
VisualStudioVersion = 16.0.31605.320
MinimumVisualStudioVersion = 10.0.40219.1
Project("{FAE04EC0-301F-11D3-BF4B-00C04F79EFBC}") = "Task1", "Task1\Task1.csproj", "{276DCCD4-27E9-4655-9147-E9F104917C63}"
EndProject
Project("{FAE04EC0-301F-11D3-BF4B-00C04F79EFBC}") = "Task2", "Task2\Task2.csproj", "{8ECCE620-E75D-4647-B810-0039DFA799D5}"
EndProject
Global
	GlobalSection(SolutionConfigurationPlatforms) = preSolution
		Debug|Any CPU = Debug|Any CPU
		Release|Any CPU = Release|Any CPU
	EndGlobalSection
	GlobalSection(ProjectConfigurationPlatforms) = postSolution
		{276DCCD4-27E9-4655-9147-E9F104917C63}.Debug|Any CPU.ActiveCfg = Debug|Any CPU
		{276DCCD4-27E9-4655-9147-E9F104917C63}.Debug|Any CPU.Build.0 = Debug|Any CPU
		{276DCCD4-27E9-4655-9147-E9F104917C63}.Release|Any CPU.ActiveCfg = Release|Any CPU
		{276DCCD4-27E9-4655-9147-E9F104917C63}.Release|Any CPU.Build.0 = Release|Any CPU
		{8ECCE620-E75D-4647-B810-0039DFA799D5}.Debug|Any CPU.ActiveCfg = Debug|Any CPU
		{8ECCE620-E75D-4647-B810-0039DFA799D5}.Debug|Any CPU.Build.0 = Debug|Any CPU
		{8ECCE620-E75D-4647-B810-0039DFA799D5}.Release|Any CPU.ActiveCfg = Release|Any CPU
		{8ECCE620-E75D-4647-B810-0039DFA799D5}.Release|Any CPU.Build.0 = Release|Any CPU
	EndGlobalSection
	GlobalSection(SolutionProperties) = preSolution
		HideSolutionNode = FALSE
	EndGlobalSection
	GlobalSection(ExtensibilityGlobals) = postSolution
		SolutionGuid = {949E16F8-C182-4C82-9C55-7C1FC94F69A5}
	EndGlobalSection
EndGlobal
