
Microsoft Visual Studio Solution File, Format Version 12.00
# Visual Studio Version 16
VisualStudioVersion = 16.0.31605.320
MinimumVisualStudioVersion = 10.0.40219.1
Project("{FAE04EC0-301F-11D3-BF4B-00C04F79EFBC}") = "_153504_Khrishchanovich_Lab4", "_153504_Khrishchanovich_Lab4\_153504_Khrishchanovich_Lab4.csproj", "{4EF51294-BC41-4ED0-B0D2-F44DA25FC6C8}"
EndProject
Global
	GlobalSection(SolutionConfigurationPlatforms) = preSolution
		Debug|Any CPU = Debug|Any CPU
		Release|Any CPU = Release|Any CPU
	EndGlobalSection
	GlobalSection(ProjectConfigurationPlatforms) = postSolution
		{4EF51294-BC41-4ED0-B0D2-F44DA25FC6C8}.Debug|Any CPU.ActiveCfg = Debug|Any CPU
		{4EF51294-BC41-4ED0-B0D2-F44DA25FC6C8}.Debug|Any CPU.Build.0 = Debug|Any CPU
		{4EF51294-BC41-4ED0-B0D2-F44DA25FC6C8}.Release|Any CPU.ActiveCfg = Release|Any CPU
		{4EF51294-BC41-4ED0-B0D2-F44DA25FC6C8}.Release|Any CPU.Build.0 = Release|Any CPU
	EndGlobalSection
	GlobalSection(SolutionProperties) = preSolution
		HideSolutionNode = FALSE
	EndGlobalSection
	GlobalSection(ExtensibilityGlobals) = postSolution
		SolutionGuid = {70D548F2-48F7-4D04-9421-E408F50DDF89}
	EndGlobalSection
EndGlobal
