
Microsoft Visual Studio Solution File, Format Version 12.00
# Visual Studio Version 17
VisualStudioVersion = 17.4.33213.308
MinimumVisualStudioVersion = 10.0.40219.1
Project("{FAE04EC0-301F-11D3-BF4B-00C04F79EFBC}") = "lab5.UI", "lab5.UI\lab5.UI.csproj", "{77B286C3-3597-4650-9A5C-E0D802C6D2CE}"
EndProject
Project("{FAE04EC0-301F-11D3-BF4B-00C04F79EFBC}") = "lab5.Domain", "lab5.Domain\lab5.Domain.csproj", "{A9BEC8CC-D1ED-449A-97C2-F2AF70863F28}"
EndProject
Project("{FAE04EC0-301F-11D3-BF4B-00C04F79EFBC}") = "lab5.Application", "lab5.Application\lab5.Application.csproj", "{A8B6E9E3-BBC2-4A46-ADAC-AEAA224A2E06}"
EndProject
Project("{FAE04EC0-301F-11D3-BF4B-00C04F79EFBC}") = "lab5.Persistense", "lab5.Persistense\lab5.Persistense.csproj", "{4DEA98C1-BC49-44B7-9766-4D03363BBE95}"
EndProject
Global
	GlobalSection(SolutionConfigurationPlatforms) = preSolution
		Debug|Any CPU = Debug|Any CPU
		Release|Any CPU = Release|Any CPU
	EndGlobalSection
	GlobalSection(ProjectConfigurationPlatforms) = postSolution
		{77B286C3-3597-4650-9A5C-E0D802C6D2CE}.Debug|Any CPU.ActiveCfg = Debug|Any CPU
		{77B286C3-3597-4650-9A5C-E0D802C6D2CE}.Debug|Any CPU.Build.0 = Debug|Any CPU
		{77B286C3-3597-4650-9A5C-E0D802C6D2CE}.Debug|Any CPU.Deploy.0 = Debug|Any CPU
		{77B286C3-3597-4650-9A5C-E0D802C6D2CE}.Release|Any CPU.ActiveCfg = Release|Any CPU
		{77B286C3-3597-4650-9A5C-E0D802C6D2CE}.Release|Any CPU.Build.0 = Release|Any CPU
		{77B286C3-3597-4650-9A5C-E0D802C6D2CE}.Release|Any CPU.Deploy.0 = Release|Any CPU
		{A9BEC8CC-D1ED-449A-97C2-F2AF70863F28}.Debug|Any CPU.ActiveCfg = Debug|Any CPU
		{A9BEC8CC-D1ED-449A-97C2-F2AF70863F28}.Debug|Any CPU.Build.0 = Debug|Any CPU
		{A9BEC8CC-D1ED-449A-97C2-F2AF70863F28}.Release|Any CPU.ActiveCfg = Release|Any CPU
		{A9BEC8CC-D1ED-449A-97C2-F2AF70863F28}.Release|Any CPU.Build.0 = Release|Any CPU
		{A8B6E9E3-BBC2-4A46-ADAC-AEAA224A2E06}.Debug|Any CPU.ActiveCfg = Debug|Any CPU
		{A8B6E9E3-BBC2-4A46-ADAC-AEAA224A2E06}.Debug|Any CPU.Build.0 = Debug|Any CPU
		{A8B6E9E3-BBC2-4A46-ADAC-AEAA224A2E06}.Release|Any CPU.ActiveCfg = Release|Any CPU
		{A8B6E9E3-BBC2-4A46-ADAC-AEAA224A2E06}.Release|Any CPU.Build.0 = Release|Any CPU
		{4DEA98C1-BC49-44B7-9766-4D03363BBE95}.Debug|Any CPU.ActiveCfg = Debug|Any CPU
		{4DEA98C1-BC49-44B7-9766-4D03363BBE95}.Debug|Any CPU.Build.0 = Debug|Any CPU
		{4DEA98C1-BC49-44B7-9766-4D03363BBE95}.Release|Any CPU.ActiveCfg = Release|Any CPU
		{4DEA98C1-BC49-44B7-9766-4D03363BBE95}.Release|Any CPU.Build.0 = Release|Any CPU
	EndGlobalSection
	GlobalSection(SolutionProperties) = preSolution
		HideSolutionNode = FALSE
	EndGlobalSection
	GlobalSection(ExtensibilityGlobals) = postSolution
		SolutionGuid = {8D069512-65F1-4483-B4D6-217B066D9D37}
	EndGlobalSection
EndGlobal
