
Microsoft Visual Studio Solution File, Format Version 12.00
# Visual Studio Version 16
VisualStudioVersion = 16.0.31605.320
MinimumVisualStudioVersion = 10.0.40219.1
Project("{9A19103F-16F7-4668-BE54-9A1E7A4F7556}") = "_153504_Khrishchanovich_Lab1", "153504_Khrishchanovich_Lab1_Sem3\_153504_Khrishchanovich_Lab1.csproj", "{C68B0027-D570-4561-8ABD-81A4CB419061}"
EndProject
Global
	GlobalSection(SolutionConfigurationPlatforms) = preSolution
		Debug|Any CPU = Debug|Any CPU
		Release|Any CPU = Release|Any CPU
	EndGlobalSection
	GlobalSection(ProjectConfigurationPlatforms) = postSolution
		{C68B0027-D570-4561-8ABD-81A4CB419061}.Debug|Any CPU.ActiveCfg = Debug|Any CPU
		{C68B0027-D570-4561-8ABD-81A4CB419061}.Debug|Any CPU.Build.0 = Debug|Any CPU
		{C68B0027-D570-4561-8ABD-81A4CB419061}.Release|Any CPU.ActiveCfg = Release|Any CPU
		{C68B0027-D570-4561-8ABD-81A4CB419061}.Release|Any CPU.Build.0 = Release|Any CPU
	EndGlobalSection
	GlobalSection(SolutionProperties) = preSolution
		HideSolutionNode = FALSE
	EndGlobalSection
	GlobalSection(ExtensibilityGlobals) = postSolution
		SolutionGuid = {AB08E78C-3D94-430C-A23E-F416E1B28C06}
	EndGlobalSection
EndGlobal
